// !$*UTF8*$!
{
	archiveVersion = 1;
	classes = {
	};
	objectVersion = 50;
	objects = {

/* Begin PBXBuildFile section */
		122A4E3B2450BCB2002E777F /* AppDelegate.m in Sources */ = {isa = PBXBuildFile; fileRef = 122A4E3A2450BCB2002E777F /* AppDelegate.m */; };
		122A4E3E2450BCB2002E777F /* SceneDelegate.m in Sources */ = {isa = PBXBuildFile; fileRef = 122A4E3D2450BCB2002E777F /* SceneDelegate.m */; };
		122A4E442450BCB2002E777F /* Main.storyboard in Resources */ = {isa = PBXBuildFile; fileRef = 122A4E422450BCB2002E777F /* Main.storyboard */; };
		122A4E472450BCB2002E777F /* Pokedex.xcdatamodeld in Sources */ = {isa = PBXBuildFile; fileRef = 122A4E452450BCB2002E777F /* Pokedex.xcdatamodeld */; };
		122A4E492450BCB5002E777F /* Assets.xcassets in Resources */ = {isa = PBXBuildFile; fileRef = 122A4E482450BCB5002E777F /* Assets.xcassets */; };
		122A4E4C2450BCB5002E777F /* LaunchScreen.storyboard in Resources */ = {isa = PBXBuildFile; fileRef = 122A4E4A2450BCB5002E777F /* LaunchScreen.storyboard */; };
		122A4E4F2450BCB5002E777F /* main.m in Sources */ = {isa = PBXBuildFile; fileRef = 122A4E4E2450BCB5002E777F /* main.m */; };
		122A4E5B2450BF00002E777F /* SearchTableViewController.m in Sources */ = {isa = PBXBuildFile; fileRef = 122A4E5A2450BF00002E777F /* SearchTableViewController.m */; };
		122A4E5E2450C378002E777F /* HSVPokemon.m in Sources */ = {isa = PBXBuildFile; fileRef = 122A4E5D2450C378002E777F /* HSVPokemon.m */; };
		122A4E612450DA17002E777F /* HSVNetworking.m in Sources */ = {isa = PBXBuildFile; fileRef = 122A4E602450DA17002E777F /* HSVNetworking.m */; };
		1290C6C224512F890037C098 /* HSVPokemonTableViewCell.m in Sources */ = {isa = PBXBuildFile; fileRef = 1290C6C124512F890037C098 /* HSVPokemonTableViewCell.m */; };
		1290C6C6245141FD0037C098 /* NSError+HSVErrorWithString.m in Sources */ = {isa = PBXBuildFile; fileRef = 1290C6C5245141FD0037C098 /* NSError+HSVErrorWithString.m */; };
		1290C6CF245227BB0037C098 /* HSVPokemonController.m in Sources */ = {isa = PBXBuildFile; fileRef = 1290C6CE245227BB0037C098 /* HSVPokemonController.m */; };
		1290C6D2245234990037C098 /* NSString+HSVPokemonIndexString.m in Sources */ = {isa = PBXBuildFile; fileRef = 1290C6D1245234990037C098 /* NSString+HSVPokemonIndexString.m */; };
		1290C6D524523F8D0037C098 /* PokemonSwordShield.json in Resources */ = {isa = PBXBuildFile; fileRef = 1290C6D424523F8D0037C098 /* PokemonSwordShield.json */; };
/* End PBXBuildFile section */

/* Begin PBXFileReference section */
		122A4E362450BCB2002E777F /* Pokedex.app */ = {isa = PBXFileReference; explicitFileType = wrapper.application; includeInIndex = 0; path = Pokedex.app; sourceTree = BUILT_PRODUCTS_DIR; };
		122A4E392450BCB2002E777F /* AppDelegate.h */ = {isa = PBXFileReference; lastKnownFileType = sourcecode.c.h; path = AppDelegate.h; sourceTree = "<group>"; };
		122A4E3A2450BCB2002E777F /* AppDelegate.m */ = {isa = PBXFileReference; lastKnownFileType = sourcecode.c.objc; path = AppDelegate.m; sourceTree = "<group>"; };
		122A4E3C2450BCB2002E777F /* SceneDelegate.h */ = {isa = PBXFileReference; lastKnownFileType = sourcecode.c.h; path = SceneDelegate.h; sourceTree = "<group>"; };
		122A4E3D2450BCB2002E777F /* SceneDelegate.m */ = {isa = PBXFileReference; lastKnownFileType = sourcecode.c.objc; path = SceneDelegate.m; sourceTree = "<group>"; };
		122A4E432450BCB2002E777F /* Base */ = {isa = PBXFileReference; lastKnownFileType = file.storyboard; name = Base; path = Base.lproj/Main.storyboard; sourceTree = "<group>"; };
		122A4E462450BCB2002E777F /* Pokedex.xcdatamodel */ = {isa = PBXFileReference; lastKnownFileType = wrapper.xcdatamodel; path = Pokedex.xcdatamodel; sourceTree = "<group>"; };
		122A4E482450BCB5002E777F /* Assets.xcassets */ = {isa = PBXFileReference; lastKnownFileType = folder.assetcatalog; path = Assets.xcassets; sourceTree = "<group>"; };
		122A4E4B2450BCB5002E777F /* Base */ = {isa = PBXFileReference; lastKnownFileType = file.storyboard; name = Base; path = Base.lproj/LaunchScreen.storyboard; sourceTree = "<group>"; };
		122A4E4D2450BCB5002E777F /* Info.plist */ = {isa = PBXFileReference; lastKnownFileType = text.plist.xml; path = Info.plist; sourceTree = "<group>"; };
		122A4E4E2450BCB5002E777F /* main.m */ = {isa = PBXFileReference; lastKnownFileType = sourcecode.c.objc; path = main.m; sourceTree = "<group>"; };
		122A4E592450BF00002E777F /* SearchTableViewController.h */ = {isa = PBXFileReference; lastKnownFileType = sourcecode.c.h; path = SearchTableViewController.h; sourceTree = "<group>"; };
		122A4E5A2450BF00002E777F /* SearchTableViewController.m */ = {isa = PBXFileReference; lastKnownFileType = sourcecode.c.objc; path = SearchTableViewController.m; sourceTree = "<group>"; };
		122A4E5C2450C378002E777F /* HSVPokemon.h */ = {isa = PBXFileReference; lastKnownFileType = sourcecode.c.h; path = HSVPokemon.h; sourceTree = "<group>"; };
		122A4E5D2450C378002E777F /* HSVPokemon.m */ = {isa = PBXFileReference; lastKnownFileType = sourcecode.c.objc; path = HSVPokemon.m; sourceTree = "<group>"; };
		122A4E5F2450DA17002E777F /* HSVNetworking.h */ = {isa = PBXFileReference; lastKnownFileType = sourcecode.c.h; path = HSVNetworking.h; sourceTree = "<group>"; };
		122A4E602450DA17002E777F /* HSVNetworking.m */ = {isa = PBXFileReference; lastKnownFileType = sourcecode.c.objc; path = HSVNetworking.m; sourceTree = "<group>"; };
		1290C6C024512F890037C098 /* HSVPokemonTableViewCell.h */ = {isa = PBXFileReference; lastKnownFileType = sourcecode.c.h; path = HSVPokemonTableViewCell.h; sourceTree = "<group>"; };
		1290C6C124512F890037C098 /* HSVPokemonTableViewCell.m */ = {isa = PBXFileReference; lastKnownFileType = sourcecode.c.objc; path = HSVPokemonTableViewCell.m; sourceTree = "<group>"; };
		1290C6C4245141FD0037C098 /* NSError+HSVErrorWithString.h */ = {isa = PBXFileReference; lastKnownFileType = sourcecode.c.h; path = "NSError+HSVErrorWithString.h"; sourceTree = "<group>"; };
		1290C6C5245141FD0037C098 /* NSError+HSVErrorWithString.m */ = {isa = PBXFileReference; lastKnownFileType = sourcecode.c.objc; path = "NSError+HSVErrorWithString.m"; sourceTree = "<group>"; };
		1290C6CD245227BB0037C098 /* HSVPokemonController.h */ = {isa = PBXFileReference; lastKnownFileType = sourcecode.c.h; path = HSVPokemonController.h; sourceTree = "<group>"; };
		1290C6CE245227BB0037C098 /* HSVPokemonController.m */ = {isa = PBXFileReference; lastKnownFileType = sourcecode.c.objc; path = HSVPokemonController.m; sourceTree = "<group>"; };
		1290C6D0245234990037C098 /* NSString+HSVPokemonIndexString.h */ = {isa = PBXFileReference; lastKnownFileType = sourcecode.c.h; path = "NSString+HSVPokemonIndexString.h"; sourceTree = "<group>"; };
		1290C6D1245234990037C098 /* NSString+HSVPokemonIndexString.m */ = {isa = PBXFileReference; lastKnownFileType = sourcecode.c.objc; path = "NSString+HSVPokemonIndexString.m"; sourceTree = "<group>"; };
		1290C6D3245239B60037C098 /* README.md */ = {isa = PBXFileReference; lastKnownFileType = net.daringfireball.markdown; path = README.md; sourceTree = "<group>"; };
		1290C6D424523F8D0037C098 /* PokemonSwordShield.json */ = {isa = PBXFileReference; fileEncoding = 4; lastKnownFileType = text.json; path = PokemonSwordShield.json; sourceTree = "<group>"; };
/* End PBXFileReference section */

/* Begin PBXFrameworksBuildPhase section */
		122A4E332450BCB2002E777F /* Frameworks */ = {
			isa = PBXFrameworksBuildPhase;
			buildActionMask = 2147483647;
			files = (
			);
			runOnlyForDeploymentPostprocessing = 0;
		};
/* End PBXFrameworksBuildPhase section */

/* Begin PBXGroup section */
		122A4E2D2450BCB2002E777F = {
			isa = PBXGroup;
			children = (
				1290C6D3245239B60037C098 /* README.md */,
				122A4E382450BCB2002E777F /* Pokedex */,
				122A4E372450BCB2002E777F /* Products */,
			);
			sourceTree = "<group>";
		};
		122A4E372450BCB2002E777F /* Products */ = {
			isa = PBXGroup;
			children = (
				122A4E362450BCB2002E777F /* Pokedex.app */,
			);
			name = Products;
			sourceTree = "<group>";
		};
		122A4E382450BCB2002E777F /* Pokedex */ = {
			isa = PBXGroup;
			children = (
				122A4E552450BCC1002E777F /* Life Cycle */,
				1290C6C72451420A0037C098 /* Categories */,
				122A4E582450BD39002E777F /* Models */,
				122A4E572450BD29002E777F /* Model Controller */,
				1290C6BF24512CE30037C098 /* Views */,
				122A4E562450BCFE002E777F /* View Controllers */,
				122A4E422450BCB2002E777F /* Main.storyboard */,
				122A4E482450BCB5002E777F /* Assets.xcassets */,
				122A4E4A2450BCB5002E777F /* LaunchScreen.storyboard */,
				122A4E4D2450BCB5002E777F /* Info.plist */,
				122A4E452450BCB2002E777F /* Pokedex.xcdatamodeld */,
				1290C6D424523F8D0037C098 /* PokemonSwordShield.json */,
			);
			path = Pokedex;
			sourceTree = "<group>";
		};
		122A4E552450BCC1002E777F /* Life Cycle */ = {
			isa = PBXGroup;
			children = (
				122A4E392450BCB2002E777F /* AppDelegate.h */,
				122A4E3A2450BCB2002E777F /* AppDelegate.m */,
				122A4E3C2450BCB2002E777F /* SceneDelegate.h */,
				122A4E3D2450BCB2002E777F /* SceneDelegate.m */,
				122A4E4E2450BCB5002E777F /* main.m */,
			);
			name = "Life Cycle";
			sourceTree = "<group>";
		};
		122A4E562450BCFE002E777F /* View Controllers */ = {
			isa = PBXGroup;
			children = (
				122A4E592450BF00002E777F /* SearchTableViewController.h */,
				122A4E5A2450BF00002E777F /* SearchTableViewController.m */,
			);
			path = "View Controllers";
			sourceTree = "<group>";
		};
		122A4E572450BD29002E777F /* Model Controller */ = {
			isa = PBXGroup;
			children = (
				122A4E5F2450DA17002E777F /* HSVNetworking.h */,
				122A4E602450DA17002E777F /* HSVNetworking.m */,
				1290C6CD245227BB0037C098 /* HSVPokemonController.h */,
				1290C6CE245227BB0037C098 /* HSVPokemonController.m */,
			);
			name = "Model Controller";
			sourceTree = "<group>";
		};
		122A4E582450BD39002E777F /* Models */ = {
			isa = PBXGroup;
			children = (
				122A4E5C2450C378002E777F /* HSVPokemon.h */,
				122A4E5D2450C378002E777F /* HSVPokemon.m */,
			);
			path = Models;
			sourceTree = "<group>";
		};
		1290C6BF24512CE30037C098 /* Views */ = {
			isa = PBXGroup;
			children = (
				1290C6C024512F890037C098 /* HSVPokemonTableViewCell.h */,
				1290C6C124512F890037C098 /* HSVPokemonTableViewCell.m */,
			);
			name = Views;
			sourceTree = "<group>";
		};
		1290C6C72451420A0037C098 /* Categories */ = {
			isa = PBXGroup;
			children = (
				1290C6C4245141FD0037C098 /* NSError+HSVErrorWithString.h */,
				1290C6C5245141FD0037C098 /* NSError+HSVErrorWithString.m */,
				1290C6D0245234990037C098 /* NSString+HSVPokemonIndexString.h */,
				1290C6D1245234990037C098 /* NSString+HSVPokemonIndexString.m */,
			);
			path = Categories;
			sourceTree = "<group>";
		};
/* End PBXGroup section */

/* Begin PBXNativeTarget section */
		122A4E352450BCB2002E777F /* Pokedex */ = {
			isa = PBXNativeTarget;
			buildConfigurationList = 122A4E522450BCB5002E777F /* Build configuration list for PBXNativeTarget "Pokedex" */;
			buildPhases = (
				122A4E322450BCB2002E777F /* Sources */,
				122A4E332450BCB2002E777F /* Frameworks */,
				122A4E342450BCB2002E777F /* Resources */,
			);
			buildRules = (
			);
			dependencies = (
			);
			name = Pokedex;
			productName = Pokedex;
			productReference = 122A4E362450BCB2002E777F /* Pokedex.app */;
			productType = "com.apple.product-type.application";
		};
/* End PBXNativeTarget section */

/* Begin PBXProject section */
		122A4E2E2450BCB2002E777F /* Project object */ = {
			isa = PBXProject;
			attributes = {
				CLASSPREFIX = HSV;
				LastUpgradeCheck = 1140;
				ORGANIZATIONNAME = s;
				TargetAttributes = {
					122A4E352450BCB2002E777F = {
						CreatedOnToolsVersion = 11.4;
					};
				};
			};
			buildConfigurationList = 122A4E312450BCB2002E777F /* Build configuration list for PBXProject "Pokedex" */;
			compatibilityVersion = "Xcode 9.3";
			developmentRegion = en;
			hasScannedForEncodings = 0;
			knownRegions = (
				en,
				Base,
			);
			mainGroup = 122A4E2D2450BCB2002E777F;
			productRefGroup = 122A4E372450BCB2002E777F /* Products */;
			projectDirPath = "";
			projectRoot = "";
			targets = (
				122A4E352450BCB2002E777F /* Pokedex */,
			);
		};
/* End PBXProject section */

/* Begin PBXResourcesBuildPhase section */
		122A4E342450BCB2002E777F /* Resources */ = {
			isa = PBXResourcesBuildPhase;
			buildActionMask = 2147483647;
			files = (
				1290C6D524523F8D0037C098 /* PokemonSwordShield.json in Resources */,
				122A4E4C2450BCB5002E777F /* LaunchScreen.storyboard in Resources */,
				122A4E492450BCB5002E777F /* Assets.xcassets in Resources */,
				122A4E442450BCB2002E777F /* Main.storyboard in Resources */,
			);
			runOnlyForDeploymentPostprocessing = 0;
		};
/* End PBXResourcesBuildPhase section */

/* Begin PBXSourcesBuildPhase section */
		122A4E322450BCB2002E777F /* Sources */ = {
			isa = PBXSourcesBuildPhase;
			buildActionMask = 2147483647;
			files = (
				1290C6CF245227BB0037C098 /* HSVPokemonController.m in Sources */,
				122A4E612450DA17002E777F /* HSVNetworking.m in Sources */,
				1290C6C224512F890037C098 /* HSVPokemonTableViewCell.m in Sources */,
				122A4E4F2450BCB5002E777F /* main.m in Sources */,
				122A4E472450BCB2002E777F /* Pokedex.xcdatamodeld in Sources */,
				122A4E5B2450BF00002E777F /* SearchTableViewController.m in Sources */,
				1290C6C6245141FD0037C098 /* NSError+HSVErrorWithString.m in Sources */,
				122A4E5E2450C378002E777F /* HSVPokemon.m in Sources */,
				122A4E3B2450BCB2002E777F /* AppDelegate.m in Sources */,
				122A4E3E2450BCB2002E777F /* SceneDelegate.m in Sources */,
				1290C6D2245234990037C098 /* NSString+HSVPokemonIndexString.m in Sources */,
			);
			runOnlyForDeploymentPostprocessing = 0;
		};
/* End PBXSourcesBuildPhase section */

/* Begin PBXVariantGroup section */
		122A4E422450BCB2002E777F /* Main.storyboard */ = {
			isa = PBXVariantGroup;
			children = (
				122A4E432450BCB2002E777F /* Base */,
			);
			name = Main.storyboard;
			sourceTree = "<group>";
		};
		122A4E4A2450BCB5002E777F /* LaunchScreen.storyboard */ = {
			isa = PBXVariantGroup;
			children = (
				122A4E4B2450BCB5002E777F /* Base */,
			);
			name = LaunchScreen.storyboard;
			sourceTree = "<group>";
		};
/* End PBXVariantGroup section */

/* Begin XCBuildConfiguration section */
		122A4E502450BCB5002E777F /* Debug */ = {
			isa = XCBuildConfiguration;
			buildSettings = {
				ALWAYS_SEARCH_USER_PATHS = NO;
				CLANG_ANALYZER_NONNULL = YES;
				CLANG_ANALYZER_NUMBER_OBJECT_CONVERSION = YES_AGGRESSIVE;
				CLANG_CXX_LANGUAGE_STANDARD = "gnu++14";
				CLANG_CXX_LIBRARY = "libc++";
				CLANG_ENABLE_MODULES = YES;
				CLANG_ENABLE_OBJC_ARC = YES;
				CLANG_ENABLE_OBJC_WEAK = YES;
				CLANG_WARN_BLOCK_CAPTURE_AUTORELEASING = YES;
				CLANG_WARN_BOOL_CONVERSION = YES;
				CLANG_WARN_COMMA = YES;
				CLANG_WARN_CONSTANT_CONVERSION = YES;
				CLANG_WARN_DEPRECATED_OBJC_IMPLEMENTATIONS = YES;
				CLANG_WARN_DIRECT_OBJC_ISA_USAGE = YES_ERROR;
				CLANG_WARN_DOCUMENTATION_COMMENTS = YES;
				CLANG_WARN_EMPTY_BODY = YES;
				CLANG_WARN_ENUM_CONVERSION = YES;
				CLANG_WARN_INFINITE_RECURSION = YES;
				CLANG_WARN_INT_CONVERSION = YES;
				CLANG_WARN_NON_LITERAL_NULL_CONVERSION = YES;
				CLANG_WARN_OBJC_IMPLICIT_RETAIN_SELF = YES;
				CLANG_WARN_OBJC_LITERAL_CONVERSION = YES;
				CLANG_WARN_OBJC_ROOT_CLASS = YES_ERROR;
				CLANG_WARN_RANGE_LOOP_ANALYSIS = YES;
				CLANG_WARN_STRICT_PROTOTYPES = YES;
				CLANG_WARN_SUSPICIOUS_MOVE = YES;
				CLANG_WARN_UNGUARDED_AVAILABILITY = YES_AGGRESSIVE;
				CLANG_WARN_UNREACHABLE_CODE = YES;
				CLANG_WARN__DUPLICATE_METHOD_MATCH = YES;
				COPY_PHASE_STRIP = NO;
				DEBUG_INFORMATION_FORMAT = dwarf;
				ENABLE_STRICT_OBJC_MSGSEND = YES;
				ENABLE_TESTABILITY = YES;
				GCC_C_LANGUAGE_STANDARD = gnu11;
				GCC_DYNAMIC_NO_PIC = NO;
				GCC_NO_COMMON_BLOCKS = YES;
				GCC_OPTIMIZATION_LEVEL = 0;
				GCC_PREPROCESSOR_DEFINITIONS = (
					"DEBUG=1",
					"$(inherited)",
				);
				GCC_WARN_64_TO_32_BIT_CONVERSION = YES;
				GCC_WARN_ABOUT_RETURN_TYPE = YES_ERROR;
				GCC_WARN_UNDECLARED_SELECTOR = YES;
				GCC_WARN_UNINITIALIZED_AUTOS = YES_AGGRESSIVE;
				GCC_WARN_UNUSED_FUNCTION = YES;
				GCC_WARN_UNUSED_VARIABLE = YES;
				IPHONEOS_DEPLOYMENT_TARGET = 13.4;
				MTL_ENABLE_DEBUG_INFO = INCLUDE_SOURCE;
				MTL_FAST_MATH = YES;
				ONLY_ACTIVE_ARCH = YES;
				SDKROOT = iphoneos;
			};
			name = Debug;
		};
		122A4E512450BCB5002E777F /* Release */ = {
			isa = XCBuildConfiguration;
			buildSettings = {
				ALWAYS_SEARCH_USER_PATHS = NO;
				CLANG_ANALYZER_NONNULL = YES;
				CLANG_ANALYZER_NUMBER_OBJECT_CONVERSION = YES_AGGRESSIVE;
				CLANG_CXX_LANGUAGE_STANDARD = "gnu++14";
				CLANG_CXX_LIBRARY = "libc++";
				CLANG_ENABLE_MODULES = YES;
				CLANG_ENABLE_OBJC_ARC = YES;
				CLANG_ENABLE_OBJC_WEAK = YES;
				CLANG_WARN_BLOCK_CAPTURE_AUTORELEASING = YES;
				CLANG_WARN_BOOL_CONVERSION = YES;
				CLANG_WARN_COMMA = YES;
				CLANG_WARN_CONSTANT_CONVERSION = YES;
				CLANG_WARN_DEPRECATED_OBJC_IMPLEMENTATIONS = YES;
				CLANG_WARN_DIRECT_OBJC_ISA_USAGE = YES_ERROR;
				CLANG_WARN_DOCUMENTATION_COMMENTS = YES;
				CLANG_WARN_EMPTY_BODY = YES;
				CLANG_WARN_ENUM_CONVERSION = YES;
				CLANG_WARN_INFINITE_RECURSION = YES;
				CLANG_WARN_INT_CONVERSION = YES;
				CLANG_WARN_NON_LITERAL_NULL_CONVERSION = YES;
				CLANG_WARN_OBJC_IMPLICIT_RETAIN_SELF = YES;
				CLANG_WARN_OBJC_LITERAL_CONVERSION = YES;
				CLANG_WARN_OBJC_ROOT_CLASS = YES_ERROR;
				CLANG_WARN_RANGE_LOOP_ANALYSIS = YES;
				CLANG_WARN_STRICT_PROTOTYPES = YES;
				CLANG_WARN_SUSPICIOUS_MOVE = YES;
				CLANG_WARN_UNGUARDED_AVAILABILITY = YES_AGGRESSIVE;
				CLANG_WARN_UNREACHABLE_CODE = YES;
				CLANG_WARN__DUPLICATE_METHOD_MATCH = YES;
				COPY_PHASE_STRIP = NO;
				DEBUG_INFORMATION_FORMAT = "dwarf-with-dsym";
				ENABLE_NS_ASSERTIONS = NO;
				ENABLE_STRICT_OBJC_MSGSEND = YES;
				GCC_C_LANGUAGE_STANDARD = gnu11;
				GCC_NO_COMMON_BLOCKS = YES;
				GCC_WARN_64_TO_32_BIT_CONVERSION = YES;
				GCC_WARN_ABOUT_RETURN_TYPE = YES_ERROR;
				GCC_WARN_UNDECLARED_SELECTOR = YES;
				GCC_WARN_UNINITIALIZED_AUTOS = YES_AGGRESSIVE;
				GCC_WARN_UNUSED_FUNCTION = YES;
				GCC_WARN_UNUSED_VARIABLE = YES;
				IPHONEOS_DEPLOYMENT_TARGET = 13.4;
				MTL_ENABLE_DEBUG_INFO = NO;
				MTL_FAST_MATH = YES;
				SDKROOT = iphoneos;
				VALIDATE_PRODUCT = YES;
			};
			name = Release;
		};
		122A4E532450BCB5002E777F /* Debug */ = {
			isa = XCBuildConfiguration;
			buildSettings = {
				ASSETCATALOG_COMPILER_APPICON_NAME = AppIcon;
				CODE_SIGN_STYLE = Automatic;
				DEVELOPMENT_TEAM = 97AS6JS382;
				INFOPLIST_FILE = Pokedex/Info.plist;
				LD_RUNPATH_SEARCH_PATHS = (
					"$(inherited)",
					"@executable_path/Frameworks",
				);
				PRODUCT_BUNDLE_IDENTIFIER = com.hectorstevenvillasano.Pokedex;
				PRODUCT_NAME = "$(TARGET_NAME)";
				TARGETED_DEVICE_FAMILY = "1,2";
			};
			name = Debug;
		};
		122A4E542450BCB5002E777F /* Release */ = {
			isa = XCBuildConfiguration;
			buildSettings = {
				ASSETCATALOG_COMPILER_APPICON_NAME = AppIcon;
				CODE_SIGN_STYLE = Automatic;
				DEVELOPMENT_TEAM = 97AS6JS382;
				INFOPLIST_FILE = Pokedex/Info.plist;
				LD_RUNPATH_SEARCH_PATHS = (
					"$(inherited)",
					"@executable_path/Frameworks",
				);
				PRODUCT_BUNDLE_IDENTIFIER = com.hectorstevenvillasano.Pokedex;
				PRODUCT_NAME = "$(TARGET_NAME)";
				TARGETED_DEVICE_FAMILY = "1,2";
			};
			name = Release;
		};
/* End XCBuildConfiguration section */

/* Begin XCConfigurationList section */
		122A4E312450BCB2002E777F /* Build configuration list for PBXProject "Pokedex" */ = {
			isa = XCConfigurationList;
			buildConfigurations = (
				122A4E502450BCB5002E777F /* Debug */,
				122A4E512450BCB5002E777F /* Release */,
			);
			defaultConfigurationIsVisible = 0;
			defaultConfigurationName = Release;
		};
		122A4E522450BCB5002E777F /* Build configuration list for PBXNativeTarget "Pokedex" */ = {
			isa = XCConfigurationList;
			buildConfigurations = (
				122A4E532450BCB5002E777F /* Debug */,
				122A4E542450BCB5002E777F /* Release */,
			);
			defaultConfigurationIsVisible = 0;
			defaultConfigurationName = Release;
		};
/* End XCConfigurationList section */

/* Begin XCVersionGroup section */
		122A4E452450BCB2002E777F /* Pokedex.xcdatamodeld */ = {
			isa = XCVersionGroup;
			children = (
				122A4E462450BCB2002E777F /* Pokedex.xcdatamodel */,
			);
			currentVersion = 122A4E462450BCB2002E777F /* Pokedex.xcdatamodel */;
			path = Pokedex.xcdatamodeld;
			sourceTree = "<group>";
			versionGroupType = wrapper.xcdatamodel;
		};
/* End XCVersionGroup section */
	};
	rootObject = 122A4E2E2450BCB2002E777F /* Project object */;
}
